{
  "pins" : [
    {
      "identity" : "tictactoe-core",
      "kind" : "localSourceControl",
      "location" : "/Users/joelhuber/vapor/TicTacToe-Core",
      "state" : {
        "branch" : "main",
        "revision" : "13f5548fd036fc8f08ab699d1d4817bdee61ab2d"
      }
    }
  ],
  "version" : 2
}
