{
  "pins" : [
    {
      "identity" : "swift-trapezoid-shapes",
      "kind" : "remoteSourceControl",
      "location" : "https://github.com/hellojoelhuber/swift-trapezoid-shapes",
      "state" : {
        "revision" : "84e53c8a64ac3e01a3355cedf38715027a909745",
        "version" : "1.3.0"
      }
    },
    {
      "identity" : "tictactoe-core",
      "kind" : "localSourceControl",
      "location" : "/Users/joelhuber/vapor/TicTacToe-Core",
      "state" : {
        "branch" : "main",
        "revision" : "13f5548fd036fc8f08ab699d1d4817bdee61ab2d"
      }
    }
  ],
  "version" : 2
}
