{
  "pins" : [
    {
      "identity" : "tictactoe-core",
      "kind" : "localSourceControl",
      "location" : "/Users/joelhuber/vapor/TicTacToe-Core",
      "state" : {
        "branch" : "main",
        "revision" : "59ad900837187de834fcad9d07dbbedbcc4b0f6c"
      }
    }
  ],
  "version" : 2
}
